
Microsoft Visual Studio Solution File, Format Version 12.00
# Visual Studio Version 17
VisualStudioVersion = 17.1.32210.238
MinimumVisualStudioVersion = 10.0.40219.1
Project("{9A19103F-16F7-4668-BE54-9A1E7A4F7556}") = "TESTWebApiWithDBIntegration", "TESTWebApiWithDBIntegration\TESTWebApiWithDBIntegration.csproj", "{037D3343-C2F1-4D95-9678-24AAB4C82CC2}"
EndProject
Project("{9A19103F-16F7-4668-BE54-9A1E7A4F7556}") = "TESTDBAccessLib", "TESTDBAccessLib\TESTDBAccessLib.csproj", "{770C4475-9D8A-4D09-A48B-2B1076CB5A9F}"
EndProject
Global
	GlobalSection(SolutionConfigurationPlatforms) = preSolution
		Debug|Any CPU = Debug|Any CPU
		Release|Any CPU = Release|Any CPU
	EndGlobalSection
	GlobalSection(ProjectConfigurationPlatforms) = postSolution
		{037D3343-C2F1-4D95-9678-24AAB4C82CC2}.Debug|Any CPU.ActiveCfg = Debug|Any CPU
		{037D3343-C2F1-4D95-9678-24AAB4C82CC2}.Debug|Any CPU.Build.0 = Debug|Any CPU
		{037D3343-C2F1-4D95-9678-24AAB4C82CC2}.Release|Any CPU.ActiveCfg = Release|Any CPU
		{037D3343-C2F1-4D95-9678-24AAB4C82CC2}.Release|Any CPU.Build.0 = Release|Any CPU
		{770C4475-9D8A-4D09-A48B-2B1076CB5A9F}.Debug|Any CPU.ActiveCfg = Debug|Any CPU
		{770C4475-9D8A-4D09-A48B-2B1076CB5A9F}.Debug|Any CPU.Build.0 = Debug|Any CPU
		{770C4475-9D8A-4D09-A48B-2B1076CB5A9F}.Release|Any CPU.ActiveCfg = Release|Any CPU
		{770C4475-9D8A-4D09-A48B-2B1076CB5A9F}.Release|Any CPU.Build.0 = Release|Any CPU
	EndGlobalSection
	GlobalSection(SolutionProperties) = preSolution
		HideSolutionNode = FALSE
	EndGlobalSection
	GlobalSection(ExtensibilityGlobals) = postSolution
		SolutionGuid = {B43736D6-C58C-4CF9-9D67-05DEF77DB443}
	EndGlobalSection
EndGlobal
